{
  "version": 4,
  "terraform_version": "1.9.3",
  "serial": 11,
  "lineage": "a175ce78-042a-a7fb-3f3b-c43d0ac07910",
  "outputs": {
    "output": {
      "value": [
        {
          "role": [
            "AdministratorAccess"
          ],
          "username": "Yash"
        },
        {
          "role": [
            "AmazonEC2FullAccess"
          ],
          "username": "Rohit"
        },
        {
          "role": [
            "AmazonEC2ReadOnlyAccess",
            "AmazonS3FullAccess"
          ],
          "username": "Pasha"
        }
      ],
      "type": [
        "tuple",
        [
          [
            "object",
            {
              "role": [
                "tuple",
                [
                  "string"
                ]
              ],
              "username": "string"
            }
          ],
          [
            "object",
            {
              "role": [
                "tuple",
                [
                  "string"
                ]
              ],
              "username": "string"
            }
          ],
          [
            "object",
            {
              "role": [
                "tuple",
                [
                  "string",
                  "string"
                ]
              ],
              "username": "string"
            }
          ]
        ]
      ]
    }
  },
  "resources": [
    {
      "mode": "managed",
      "type": "aws_iam_user",
      "name": "users",
      "provider": "provider[\"registry.terraform.io/hashicorp/aws\"]",
      "instances": [
        {
          "index_key": "Pasha",
          "schema_version": 0,
          "attributes": {
            "arn": "arn:aws:iam::381491843717:user/Pasha",
            "force_destroy": false,
            "id": "Pasha",
            "name": "Pasha",
            "path": "/",
            "permissions_boundary": "",
            "tags": null,
            "tags_all": {},
            "unique_id": "AIDAVRUVPSKCUBIXVOMYL"
          },
          "sensitive_attributes": [],
          "private": "bnVsbA=="
        },
        {
          "index_key": "Rohit",
          "schema_version": 0,
          "attributes": {
            "arn": "arn:aws:iam::381491843717:user/Rohit",
            "force_destroy": false,
            "id": "Rohit",
            "name": "Rohit",
            "path": "/",
            "permissions_boundary": "",
            "tags": null,
            "tags_all": {},
            "unique_id": "AIDAVRUVPSKCTPU5RVVWJ"
          },
          "sensitive_attributes": [],
          "private": "bnVsbA=="
        },
        {
          "index_key": "Yash",
          "schema_version": 0,
          "attributes": {
            "arn": "arn:aws:iam::381491843717:user/Yash",
            "force_destroy": false,
            "id": "Yash",
            "name": "Yash",
            "path": "/",
            "permissions_boundary": "",
            "tags": null,
            "tags_all": {},
            "unique_id": "AIDAVRUVPSKCVRDG4YP27"
          },
          "sensitive_attributes": [],
          "private": "bnVsbA=="
        }
      ]
    },
    {
      "mode": "managed",
      "type": "aws_iam_user_login_profile",
      "name": "profile",
      "provider": "provider[\"registry.terraform.io/hashicorp/aws\"]",
      "instances": [
        {
          "index_key": "Pasha",
          "schema_version": 0,
          "attributes": {
            "encrypted_password": null,
            "id": "Pasha",
            "key_fingerprint": null,
            "password": "hz0(TS*i6tu#",
            "password_length": 12,
            "password_reset_required": null,
            "pgp_key": null,
            "user": "Pasha"
          },
          "sensitive_attributes": [
            [
              {
                "type": "get_attr",
                "value": "password"
              }
            ]
          ],
          "private": "bnVsbA==",
          "dependencies": [
            "aws_iam_user.users"
          ]
        },
        {
          "index_key": "Rohit",
          "schema_version": 0,
          "attributes": {
            "encrypted_password": null,
            "id": "Rohit",
            "key_fingerprint": null,
            "password": "M*Q2y(WmT+o@",
            "password_length": 12,
            "password_reset_required": null,
            "pgp_key": null,
            "user": "Rohit"
          },
          "sensitive_attributes": [
            [
              {
                "type": "get_attr",
                "value": "password"
              }
            ]
          ],
          "private": "bnVsbA==",
          "dependencies": [
            "aws_iam_user.users"
          ]
        },
        {
          "index_key": "Yash",
          "schema_version": 0,
          "attributes": {
            "encrypted_password": null,
            "id": "Yash",
            "key_fingerprint": null,
            "password": "n-Rtd5o[*YR5",
            "password_length": 12,
            "password_reset_required": null,
            "pgp_key": null,
            "user": "Yash"
          },
          "sensitive_attributes": [
            [
              {
                "type": "get_attr",
                "value": "password"
              }
            ]
          ],
          "private": "bnVsbA==",
          "dependencies": [
            "aws_iam_user.users"
          ]
        }
      ]
    },
    {
      "mode": "managed",
      "type": "aws_iam_user_policy_attachment",
      "name": "main",
      "provider": "provider[\"registry.terraform.io/hashicorp/aws\"]",
      "instances": [
        {
          "index_key": "Pasha-AmazonEC2ReadOnlyAccess",
          "schema_version": 0,
          "attributes": {
            "id": "Pasha-20250106045436851500000004",
            "policy_arn": "arn:aws:iam::aws:policy/AmazonEC2ReadOnlyAccess",
            "user": "Pasha"
          },
          "sensitive_attributes": [],
          "private": "bnVsbA==",
          "dependencies": [
            "aws_iam_user.users"
          ]
        },
        {
          "index_key": "Pasha-AmazonS3FullAccess",
          "schema_version": 0,
          "attributes": {
            "id": "Pasha-20250106045436356800000002",
            "policy_arn": "arn:aws:iam::aws:policy/AmazonS3FullAccess",
            "user": "Pasha"
          },
          "sensitive_attributes": [],
          "private": "bnVsbA==",
          "dependencies": [
            "aws_iam_user.users"
          ]
        },
        {
          "index_key": "Rohit-AmazonEC2FullAccess",
          "schema_version": 0,
          "attributes": {
            "id": "Rohit-20250106045436342800000001",
            "policy_arn": "arn:aws:iam::aws:policy/AmazonEC2FullAccess",
            "user": "Rohit"
          },
          "sensitive_attributes": [],
          "private": "bnVsbA==",
          "dependencies": [
            "aws_iam_user.users"
          ]
        },
        {
          "index_key": "Yash-AdministratorAccess",
          "schema_version": 0,
          "attributes": {
            "id": "Yash-20250106045436835900000003",
            "policy_arn": "arn:aws:iam::aws:policy/AdministratorAccess",
            "user": "Yash"
          },
          "sensitive_attributes": [],
          "private": "bnVsbA==",
          "dependencies": [
            "aws_iam_user.users"
          ]
        }
      ]
    }
  ],
  "check_results": null
}
